
Microsoft Visual Studio Solution File, Format Version 12.00
# Visual Studio Version 16
VisualStudioVersion = 16.0.31025.194
MinimumVisualStudioVersion = 10.0.40219.1
Project("{FAE04EC0-301F-11D3-BF4B-00C04F79EFBC}") = "Ch10Arrays.Quiz", "Ch10Arrays.Quiz\Ch10Arrays.Quiz.csproj", "{AA250B71-A1E4-49C4-9F43-34CDEFA6217B}"
EndProject
Global
	GlobalSection(SolutionConfigurationPlatforms) = preSolution
		Debug|Any CPU = Debug|Any CPU
		Release|Any CPU = Release|Any CPU
	EndGlobalSection
	GlobalSection(ProjectConfigurationPlatforms) = postSolution
		{AA250B71-A1E4-49C4-9F43-34CDEFA6217B}.Debug|Any CPU.ActiveCfg = Debug|Any CPU
		{AA250B71-A1E4-49C4-9F43-34CDEFA6217B}.Debug|Any CPU.Build.0 = Debug|Any CPU
		{AA250B71-A1E4-49C4-9F43-34CDEFA6217B}.Release|Any CPU.ActiveCfg = Release|Any CPU
		{AA250B71-A1E4-49C4-9F43-34CDEFA6217B}.Release|Any CPU.Build.0 = Release|Any CPU
	EndGlobalSection
	GlobalSection(SolutionProperties) = preSolution
		HideSolutionNode = FALSE
	EndGlobalSection
	GlobalSection(ExtensibilityGlobals) = postSolution
		SolutionGuid = {D7715F67-EFEC-4F56-A094-FC1933FB427E}
	EndGlobalSection
EndGlobal
