
Microsoft Visual Studio Solution File, Format Version 12.00
# Visual Studio Version 16
VisualStudioVersion = 16.0.30907.101
MinimumVisualStudioVersion = 10.0.40219.1
Project("{FAE04EC0-301F-11D3-BF4B-00C04F79EFBC}") = "MSSA.Cash.Register", "Lab2ACashRegister\MSSA.Cash.Register.csproj", "{DFA31EFC-B4AC-40B1-A4B4-B9B946729E52}"
EndProject
Global
	GlobalSection(SolutionConfigurationPlatforms) = preSolution
		Debug|Any CPU = Debug|Any CPU
		Release|Any CPU = Release|Any CPU
	EndGlobalSection
	GlobalSection(ProjectConfigurationPlatforms) = postSolution
		{DFA31EFC-B4AC-40B1-A4B4-B9B946729E52}.Debug|Any CPU.ActiveCfg = Debug|Any CPU
		{DFA31EFC-B4AC-40B1-A4B4-B9B946729E52}.Debug|Any CPU.Build.0 = Debug|Any CPU
		{DFA31EFC-B4AC-40B1-A4B4-B9B946729E52}.Release|Any CPU.ActiveCfg = Release|Any CPU
		{DFA31EFC-B4AC-40B1-A4B4-B9B946729E52}.Release|Any CPU.Build.0 = Release|Any CPU
	EndGlobalSection
	GlobalSection(SolutionProperties) = preSolution
		HideSolutionNode = FALSE
	EndGlobalSection
	GlobalSection(ExtensibilityGlobals) = postSolution
		SolutionGuid = {0495CBA8-4BE5-44CE-886C-FA43DD0F139E}
	EndGlobalSection
EndGlobal
