
Microsoft Visual Studio Solution File, Format Version 12.00
# Visual Studio Version 16
VisualStudioVersion = 16.0.31025.194
MinimumVisualStudioVersion = 10.0.40219.1
Project("{FAE04EC0-301F-11D3-BF4B-00C04F79EFBC}") = "WealthiestPerson", "WealthiestPerson\WealthiestPerson.csproj", "{0FEBFA8E-1958-49BF-AD05-B4177E7DCCD2}"
EndProject
Global
	GlobalSection(SolutionConfigurationPlatforms) = preSolution
		Debug|Any CPU = Debug|Any CPU
		Release|Any CPU = Release|Any CPU
	EndGlobalSection
	GlobalSection(ProjectConfigurationPlatforms) = postSolution
		{0FEBFA8E-1958-49BF-AD05-B4177E7DCCD2}.Debug|Any CPU.ActiveCfg = Debug|Any CPU
		{0FEBFA8E-1958-49BF-AD05-B4177E7DCCD2}.Debug|Any CPU.Build.0 = Debug|Any CPU
		{0FEBFA8E-1958-49BF-AD05-B4177E7DCCD2}.Release|Any CPU.ActiveCfg = Release|Any CPU
		{0FEBFA8E-1958-49BF-AD05-B4177E7DCCD2}.Release|Any CPU.Build.0 = Release|Any CPU
	EndGlobalSection
	GlobalSection(SolutionProperties) = preSolution
		HideSolutionNode = FALSE
	EndGlobalSection
	GlobalSection(ExtensibilityGlobals) = postSolution
		SolutionGuid = {FADA5216-2368-4A25-993C-A82C33C8A198}
	EndGlobalSection
EndGlobal
