
Microsoft Visual Studio Solution File, Format Version 12.00
# Visual Studio Version 16
VisualStudioVersion = 16.0.30907.101
MinimumVisualStudioVersion = 10.0.40219.1
Project("{FAE04EC0-301F-11D3-BF4B-00C04F79EFBC}") = "Shapes", "Shapes\Shapes.csproj", "{65DA35FF-418E-41C2-9F95-F2F93C4C6C33}"
EndProject
Global
	GlobalSection(SolutionConfigurationPlatforms) = preSolution
		Debug|Any CPU = Debug|Any CPU
		Release|Any CPU = Release|Any CPU
	EndGlobalSection
	GlobalSection(ProjectConfigurationPlatforms) = postSolution
		{65DA35FF-418E-41C2-9F95-F2F93C4C6C33}.Debug|Any CPU.ActiveCfg = Debug|Any CPU
		{65DA35FF-418E-41C2-9F95-F2F93C4C6C33}.Debug|Any CPU.Build.0 = Debug|Any CPU
		{65DA35FF-418E-41C2-9F95-F2F93C4C6C33}.Release|Any CPU.ActiveCfg = Release|Any CPU
		{65DA35FF-418E-41C2-9F95-F2F93C4C6C33}.Release|Any CPU.Build.0 = Release|Any CPU
	EndGlobalSection
	GlobalSection(SolutionProperties) = preSolution
		HideSolutionNode = FALSE
	EndGlobalSection
	GlobalSection(ExtensibilityGlobals) = postSolution
		SolutionGuid = {650FF50F-3E8F-4061-9B32-58453AB5360B}
	EndGlobalSection
EndGlobal
