
Microsoft Visual Studio Solution File, Format Version 12.00
# Visual Studio Version 16
VisualStudioVersion = 16.0.31025.194
MinimumVisualStudioVersion = 10.0.40219.1
Project("{FAE04EC0-301F-11D3-BF4B-00C04F79EFBC}") = "MSSA.ASP.NET.Quiz", "MSSA.ASP.NET.Quiz\MSSA.ASP.NET.Quiz.csproj", "{BD3C0547-EB68-4966-A7D0-4B8F905380BC}"
EndProject
Global
	GlobalSection(SolutionConfigurationPlatforms) = preSolution
		Debug|Any CPU = Debug|Any CPU
		Release|Any CPU = Release|Any CPU
	EndGlobalSection
	GlobalSection(ProjectConfigurationPlatforms) = postSolution
		{BD3C0547-EB68-4966-A7D0-4B8F905380BC}.Debug|Any CPU.ActiveCfg = Debug|Any CPU
		{BD3C0547-EB68-4966-A7D0-4B8F905380BC}.Debug|Any CPU.Build.0 = Debug|Any CPU
		{BD3C0547-EB68-4966-A7D0-4B8F905380BC}.Release|Any CPU.ActiveCfg = Release|Any CPU
		{BD3C0547-EB68-4966-A7D0-4B8F905380BC}.Release|Any CPU.Build.0 = Release|Any CPU
	EndGlobalSection
	GlobalSection(SolutionProperties) = preSolution
		HideSolutionNode = FALSE
	EndGlobalSection
	GlobalSection(ExtensibilityGlobals) = postSolution
		SolutionGuid = {83D392E5-0410-4788-84E5-EE686CFB2813}
	EndGlobalSection
EndGlobal
