
Microsoft Visual Studio Solution File, Format Version 12.00
# Visual Studio Version 16
VisualStudioVersion = 16.0.31025.194
MinimumVisualStudioVersion = 10.0.40219.1
Project("{FAE04EC0-301F-11D3-BF4B-00C04F79EFBC}") = "Ch10TicTacToe", "Ch10TicTacToe\Ch10TicTacToe.csproj", "{1A648FE5-3298-4394-9623-8E41CC3E171E}"
EndProject
Global
	GlobalSection(SolutionConfigurationPlatforms) = preSolution
		Debug|Any CPU = Debug|Any CPU
		Release|Any CPU = Release|Any CPU
	EndGlobalSection
	GlobalSection(ProjectConfigurationPlatforms) = postSolution
		{1A648FE5-3298-4394-9623-8E41CC3E171E}.Debug|Any CPU.ActiveCfg = Debug|Any CPU
		{1A648FE5-3298-4394-9623-8E41CC3E171E}.Debug|Any CPU.Build.0 = Debug|Any CPU
		{1A648FE5-3298-4394-9623-8E41CC3E171E}.Release|Any CPU.ActiveCfg = Release|Any CPU
		{1A648FE5-3298-4394-9623-8E41CC3E171E}.Release|Any CPU.Build.0 = Release|Any CPU
	EndGlobalSection
	GlobalSection(SolutionProperties) = preSolution
		HideSolutionNode = FALSE
	EndGlobalSection
	GlobalSection(ExtensibilityGlobals) = postSolution
		SolutionGuid = {FB81149E-FB0E-420A-A0A8-9F4467B5A37F}
	EndGlobalSection
EndGlobal
