
Microsoft Visual Studio Solution File, Format Version 12.00
# Visual Studio Version 16
VisualStudioVersion = 16.0.30517.126
MinimumVisualStudioVersion = 10.0.40219.1
Project("{FAE04EC0-301F-11D3-BF4B-00C04F79EFBC}") = "Quiz", "Quiz\Quiz.csproj", "{3E327F36-D0AE-4EF7-8755-61BF8D861F5A}"
EndProject
Global
	GlobalSection(SolutionConfigurationPlatforms) = preSolution
		Debug|Any CPU = Debug|Any CPU
		Release|Any CPU = Release|Any CPU
	EndGlobalSection
	GlobalSection(ProjectConfigurationPlatforms) = postSolution
		{3E327F36-D0AE-4EF7-8755-61BF8D861F5A}.Debug|Any CPU.ActiveCfg = Debug|Any CPU
		{3E327F36-D0AE-4EF7-8755-61BF8D861F5A}.Debug|Any CPU.Build.0 = Debug|Any CPU
		{3E327F36-D0AE-4EF7-8755-61BF8D861F5A}.Release|Any CPU.ActiveCfg = Release|Any CPU
		{3E327F36-D0AE-4EF7-8755-61BF8D861F5A}.Release|Any CPU.Build.0 = Release|Any CPU
	EndGlobalSection
	GlobalSection(SolutionProperties) = preSolution
		HideSolutionNode = FALSE
	EndGlobalSection
	GlobalSection(ExtensibilityGlobals) = postSolution
		SolutionGuid = {F91995CA-DF8B-41DF-877C-9EE714B63F96}
	EndGlobalSection
EndGlobal
